
Microsoft Visual Studio Solution File, Format Version 11.00
# Visual C++ Express 2010
Project("{8BC9CEB8-8B4A-11D0-8D11-00A0C91BC942}") = "pr2", "pr2\pr2.vcxproj", "{9711BC24-950F-4E86-8290-A541B324AACC}"
EndProject
Global
	GlobalSection(SolutionConfigurationPlatforms) = preSolution
		Debug|Win32 = Debug|Win32
		Release|Win32 = Release|Win32
	EndGlobalSection
	GlobalSection(ProjectConfigurationPlatforms) = postSolution
		{9711BC24-950F-4E86-8290-A541B324AACC}.Debug|Win32.ActiveCfg = Debug|Win32
		{9711BC24-950F-4E86-8290-A541B324AACC}.Debug|Win32.Build.0 = Debug|Win32
		{9711BC24-950F-4E86-8290-A541B324AACC}.Release|Win32.ActiveCfg = Release|Win32
		{9711BC24-950F-4E86-8290-A541B324AACC}.Release|Win32.Build.0 = Release|Win32
	EndGlobalSection
	GlobalSection(SolutionProperties) = preSolution
		HideSolutionNode = FALSE
	EndGlobalSection
EndGlobal
